
Microsoft Visual Studio Solution File, Format Version 12.00
# Visual Studio Version 17
VisualStudioVersion = 17.7.34031.279
MinimumVisualStudioVersion = 10.0.40219.1
Project("{FAE04EC0-301F-11D3-BF4B-00C04F79EFBC}") = "CustomHomeConstructionProjects", "CustomHomeConstructionProjects.csproj", "{D2DF2E54-86E4-46F3-8705-E4DE8BCBDEB9}"
EndProject
Global
	GlobalSection(SolutionConfigurationPlatforms) = preSolution
		Debug|Any CPU = Debug|Any CPU
		Release|Any CPU = Release|Any CPU
	EndGlobalSection
	GlobalSection(ProjectConfigurationPlatforms) = postSolution
		{D2DF2E54-86E4-46F3-8705-E4DE8BCBDEB9}.Debug|Any CPU.ActiveCfg = Debug|Any CPU
		{D2DF2E54-86E4-46F3-8705-E4DE8BCBDEB9}.Debug|Any CPU.Build.0 = Debug|Any CPU
		{D2DF2E54-86E4-46F3-8705-E4DE8BCBDEB9}.Release|Any CPU.ActiveCfg = Release|Any CPU
		{D2DF2E54-86E4-46F3-8705-E4DE8BCBDEB9}.Release|Any CPU.Build.0 = Release|Any CPU
	EndGlobalSection
	GlobalSection(SolutionProperties) = preSolution
		HideSolutionNode = FALSE
	EndGlobalSection
	GlobalSection(ExtensibilityGlobals) = postSolution
		SolutionGuid = {A1C21FCD-F119-422C-9123-D412F2985D2E}
	EndGlobalSection
EndGlobal
